
Microsoft Visual Studio Solution File, Format Version 12.00
# Visual Studio Version 16
VisualStudioVersion = 16.0.29920.165
MinimumVisualStudioVersion = 10.0.40219.1
Project("{2150E333-8FDC-42A3-9474-1A3956D46DE8}") = "Solution Items", "Solution Items", "{5F0D1B2F-EAB2-415C-9F98-6CE1C6D703D0}"
	ProjectSection(SolutionItems) = preProject
		readme.txt = readme.txt
	EndProjectSection
EndProject
Project("{9A19103F-16F7-4668-BE54-9A1E7A4F7556}") = "MultipleAuth01", "MultipleAuth01\MultipleAuth01.csproj", "{4D9CED37-222A-462F-AD2F-DD6529449236}"
EndProject
Global
	GlobalSection(SolutionConfigurationPlatforms) = preSolution
		Debug|Any CPU = Debug|Any CPU
		Release|Any CPU = Release|Any CPU
	EndGlobalSection
	GlobalSection(ProjectConfigurationPlatforms) = postSolution
		{4D9CED37-222A-462F-AD2F-DD6529449236}.Debug|Any CPU.ActiveCfg = Debug|Any CPU
		{4D9CED37-222A-462F-AD2F-DD6529449236}.Debug|Any CPU.Build.0 = Debug|Any CPU
		{4D9CED37-222A-462F-AD2F-DD6529449236}.Release|Any CPU.ActiveCfg = Release|Any CPU
		{4D9CED37-222A-462F-AD2F-DD6529449236}.Release|Any CPU.Build.0 = Release|Any CPU
	EndGlobalSection
	GlobalSection(SolutionProperties) = preSolution
		HideSolutionNode = FALSE
	EndGlobalSection
	GlobalSection(ExtensibilityGlobals) = postSolution
		SolutionGuid = {ADA523C8-A66A-45B1-9223-C851DB943E28}
	EndGlobalSection
EndGlobal
